
Microsoft Visual Studio Solution File, Format Version 12.00
# Visual Studio Version 17
VisualStudioVersion = 17.3.32804.467
MinimumVisualStudioVersion = 10.0.40219.1
Project("{2150E333-8FDC-42A3-9474-1A3956D46DE8}") = "Core", "Core", "{6DAC32A0-230E-4379-9689-29245A284FB2}"
EndProject
Project("{2150E333-8FDC-42A3-9474-1A3956D46DE8}") = "External", "External", "{5B990186-C8E5-4BBC-93DD-798AE0A5A519}"
EndProject
Project("{9A19103F-16F7-4668-BE54-9A1E7A4F7556}") = "Entities", "Entities\Entities.csproj", "{B20589A5-0A4B-40BA-AF4A-46F7CBDE417F}"
EndProject
Project("{2150E333-8FDC-42A3-9474-1A3956D46DE8}") = "Domain", "Domain", "{B4E58399-498E-40F8-AA5D-F26657413454}"
EndProject
Project("{2150E333-8FDC-42A3-9474-1A3956D46DE8}") = "Application", "Application", "{6B569486-2F98-46D0-B425-C83E9E9BC7A8}"
EndProject
Project("{2150E333-8FDC-42A3-9474-1A3956D46DE8}") = "Presentation", "Presentation", "{4364F8FF-A4D5-4EDD-84FB-59597BB02FFA}"
EndProject
Project("{2150E333-8FDC-42A3-9474-1A3956D46DE8}") = "Infastructure", "Infastructure", "{C800B4F7-9EE4-4791-871A-B7FFF4FD1332}"
EndProject
Project("{9A19103F-16F7-4668-BE54-9A1E7A4F7556}") = "Contacts", "Contacts\Contacts.csproj", "{48866610-5B5F-4EA8-A707-AF3FB0DEB334}"
EndProject
Project("{9A19103F-16F7-4668-BE54-9A1E7A4F7556}") = "LoggerService", "LoggerService\LoggerService.csproj", "{642FEF08-3F68-4BCE-879A-82A75B6032FC}"
EndProject
Project("{9A19103F-16F7-4668-BE54-9A1E7A4F7556}") = "Repository", "Repository\Repository.csproj", "{68C0BBBD-386F-442C-AE99-89F46AF00E61}"
EndProject
Project("{2150E333-8FDC-42A3-9474-1A3956D46DE8}") = "API", "API", "{0323120B-B93B-469A-B7E6-E9E950CBD2B5}"
EndProject
Project("{9A19103F-16F7-4668-BE54-9A1E7A4F7556}") = "Service.Contracts", "Service.Contracts\Service.Contracts.csproj", "{9D8B5173-6658-4A19-895C-47D5490333E9}"
EndProject
Project("{9A19103F-16F7-4668-BE54-9A1E7A4F7556}") = "Service", "Service\Service.csproj", "{C7F2C343-582C-4D9B-B732-E996C7E42195}"
EndProject
Project("{9A19103F-16F7-4668-BE54-9A1E7A4F7556}") = "SharedHelpers", "Shared\SharedHelpers.csproj", "{BAB8A318-E19E-4273-ADFF-CD500FF5BE5F}"
EndProject
Project("{2150E333-8FDC-42A3-9474-1A3956D46DE8}") = "Test", "Test", "{B29A2E88-261F-4E2F-81DA-926B564AF90E}"
EndProject
Project("{9A19103F-16F7-4668-BE54-9A1E7A4F7556}") = "CardGameApi", "GameCardApi\CardGameApi.csproj", "{CC24D884-2D5F-4942-AA33-1BE8F5625C06}"
EndProject
Project("{9A19103F-16F7-4668-BE54-9A1E7A4F7556}") = "CardGame.Presentation", "CardGame.Presentation\CardGame.Presentation.csproj", "{3B3F4C18-0B56-43ED-9EF5-A3DC814C44BB}"
EndProject
Project("{9A19103F-16F7-4668-BE54-9A1E7A4F7556}") = "CardGame.Test", "CardGame.Test\CardGame.Test.csproj", "{C47F78E4-130F-45BE-91F8-327D4780C2E3}"
EndProject
Project("{9A19103F-16F7-4668-BE54-9A1E7A4F7556}") = "CardGame.Ui", "CardGame.Ui\CardGame.Ui.csproj", "{B9B35EFC-0BCA-48C0-A40F-D7C35FD827EF}"
EndProject
Global
	GlobalSection(SolutionConfigurationPlatforms) = preSolution
		Debug|Any CPU = Debug|Any CPU
		Release|Any CPU = Release|Any CPU
	EndGlobalSection
	GlobalSection(ProjectConfigurationPlatforms) = postSolution
		{B20589A5-0A4B-40BA-AF4A-46F7CBDE417F}.Debug|Any CPU.ActiveCfg = Debug|Any CPU
		{B20589A5-0A4B-40BA-AF4A-46F7CBDE417F}.Debug|Any CPU.Build.0 = Debug|Any CPU
		{B20589A5-0A4B-40BA-AF4A-46F7CBDE417F}.Release|Any CPU.ActiveCfg = Release|Any CPU
		{B20589A5-0A4B-40BA-AF4A-46F7CBDE417F}.Release|Any CPU.Build.0 = Release|Any CPU
		{48866610-5B5F-4EA8-A707-AF3FB0DEB334}.Debug|Any CPU.ActiveCfg = Debug|Any CPU
		{48866610-5B5F-4EA8-A707-AF3FB0DEB334}.Debug|Any CPU.Build.0 = Debug|Any CPU
		{48866610-5B5F-4EA8-A707-AF3FB0DEB334}.Release|Any CPU.ActiveCfg = Release|Any CPU
		{48866610-5B5F-4EA8-A707-AF3FB0DEB334}.Release|Any CPU.Build.0 = Release|Any CPU
		{642FEF08-3F68-4BCE-879A-82A75B6032FC}.Debug|Any CPU.ActiveCfg = Debug|Any CPU
		{642FEF08-3F68-4BCE-879A-82A75B6032FC}.Debug|Any CPU.Build.0 = Debug|Any CPU
		{642FEF08-3F68-4BCE-879A-82A75B6032FC}.Release|Any CPU.ActiveCfg = Release|Any CPU
		{642FEF08-3F68-4BCE-879A-82A75B6032FC}.Release|Any CPU.Build.0 = Release|Any CPU
		{68C0BBBD-386F-442C-AE99-89F46AF00E61}.Debug|Any CPU.ActiveCfg = Debug|Any CPU
		{68C0BBBD-386F-442C-AE99-89F46AF00E61}.Debug|Any CPU.Build.0 = Debug|Any CPU
		{68C0BBBD-386F-442C-AE99-89F46AF00E61}.Release|Any CPU.ActiveCfg = Release|Any CPU
		{68C0BBBD-386F-442C-AE99-89F46AF00E61}.Release|Any CPU.Build.0 = Release|Any CPU
		{9D8B5173-6658-4A19-895C-47D5490333E9}.Debug|Any CPU.ActiveCfg = Debug|Any CPU
		{9D8B5173-6658-4A19-895C-47D5490333E9}.Debug|Any CPU.Build.0 = Debug|Any CPU
		{9D8B5173-6658-4A19-895C-47D5490333E9}.Release|Any CPU.ActiveCfg = Release|Any CPU
		{9D8B5173-6658-4A19-895C-47D5490333E9}.Release|Any CPU.Build.0 = Release|Any CPU
		{C7F2C343-582C-4D9B-B732-E996C7E42195}.Debug|Any CPU.ActiveCfg = Debug|Any CPU
		{C7F2C343-582C-4D9B-B732-E996C7E42195}.Debug|Any CPU.Build.0 = Debug|Any CPU
		{C7F2C343-582C-4D9B-B732-E996C7E42195}.Release|Any CPU.ActiveCfg = Release|Any CPU
		{C7F2C343-582C-4D9B-B732-E996C7E42195}.Release|Any CPU.Build.0 = Release|Any CPU
		{BAB8A318-E19E-4273-ADFF-CD500FF5BE5F}.Debug|Any CPU.ActiveCfg = Debug|Any CPU
		{BAB8A318-E19E-4273-ADFF-CD500FF5BE5F}.Debug|Any CPU.Build.0 = Debug|Any CPU
		{BAB8A318-E19E-4273-ADFF-CD500FF5BE5F}.Release|Any CPU.ActiveCfg = Release|Any CPU
		{BAB8A318-E19E-4273-ADFF-CD500FF5BE5F}.Release|Any CPU.Build.0 = Release|Any CPU
		{CC24D884-2D5F-4942-AA33-1BE8F5625C06}.Debug|Any CPU.ActiveCfg = Debug|Any CPU
		{CC24D884-2D5F-4942-AA33-1BE8F5625C06}.Debug|Any CPU.Build.0 = Debug|Any CPU
		{CC24D884-2D5F-4942-AA33-1BE8F5625C06}.Release|Any CPU.ActiveCfg = Release|Any CPU
		{CC24D884-2D5F-4942-AA33-1BE8F5625C06}.Release|Any CPU.Build.0 = Release|Any CPU
		{3B3F4C18-0B56-43ED-9EF5-A3DC814C44BB}.Debug|Any CPU.ActiveCfg = Debug|Any CPU
		{3B3F4C18-0B56-43ED-9EF5-A3DC814C44BB}.Debug|Any CPU.Build.0 = Debug|Any CPU
		{3B3F4C18-0B56-43ED-9EF5-A3DC814C44BB}.Release|Any CPU.ActiveCfg = Release|Any CPU
		{3B3F4C18-0B56-43ED-9EF5-A3DC814C44BB}.Release|Any CPU.Build.0 = Release|Any CPU
		{C47F78E4-130F-45BE-91F8-327D4780C2E3}.Debug|Any CPU.ActiveCfg = Debug|Any CPU
		{C47F78E4-130F-45BE-91F8-327D4780C2E3}.Debug|Any CPU.Build.0 = Debug|Any CPU
		{C47F78E4-130F-45BE-91F8-327D4780C2E3}.Release|Any CPU.ActiveCfg = Release|Any CPU
		{C47F78E4-130F-45BE-91F8-327D4780C2E3}.Release|Any CPU.Build.0 = Release|Any CPU
		{B9B35EFC-0BCA-48C0-A40F-D7C35FD827EF}.Debug|Any CPU.ActiveCfg = Debug|Any CPU
		{B9B35EFC-0BCA-48C0-A40F-D7C35FD827EF}.Debug|Any CPU.Build.0 = Debug|Any CPU
		{B9B35EFC-0BCA-48C0-A40F-D7C35FD827EF}.Release|Any CPU.ActiveCfg = Release|Any CPU
		{B9B35EFC-0BCA-48C0-A40F-D7C35FD827EF}.Release|Any CPU.Build.0 = Release|Any CPU
	EndGlobalSection
	GlobalSection(SolutionProperties) = preSolution
		HideSolutionNode = FALSE
	EndGlobalSection
	GlobalSection(NestedProjects) = preSolution
		{B20589A5-0A4B-40BA-AF4A-46F7CBDE417F} = {B4E58399-498E-40F8-AA5D-F26657413454}
		{B4E58399-498E-40F8-AA5D-F26657413454} = {6DAC32A0-230E-4379-9689-29245A284FB2}
		{6B569486-2F98-46D0-B425-C83E9E9BC7A8} = {6DAC32A0-230E-4379-9689-29245A284FB2}
		{4364F8FF-A4D5-4EDD-84FB-59597BB02FFA} = {5B990186-C8E5-4BBC-93DD-798AE0A5A519}
		{C800B4F7-9EE4-4791-871A-B7FFF4FD1332} = {5B990186-C8E5-4BBC-93DD-798AE0A5A519}
		{48866610-5B5F-4EA8-A707-AF3FB0DEB334} = {B4E58399-498E-40F8-AA5D-F26657413454}
		{642FEF08-3F68-4BCE-879A-82A75B6032FC} = {B4E58399-498E-40F8-AA5D-F26657413454}
		{68C0BBBD-386F-442C-AE99-89F46AF00E61} = {C800B4F7-9EE4-4791-871A-B7FFF4FD1332}
		{0323120B-B93B-469A-B7E6-E9E950CBD2B5} = {5B990186-C8E5-4BBC-93DD-798AE0A5A519}
		{9D8B5173-6658-4A19-895C-47D5490333E9} = {6B569486-2F98-46D0-B425-C83E9E9BC7A8}
		{C7F2C343-582C-4D9B-B732-E996C7E42195} = {6B569486-2F98-46D0-B425-C83E9E9BC7A8}
		{BAB8A318-E19E-4273-ADFF-CD500FF5BE5F} = {6B569486-2F98-46D0-B425-C83E9E9BC7A8}
		{CC24D884-2D5F-4942-AA33-1BE8F5625C06} = {0323120B-B93B-469A-B7E6-E9E950CBD2B5}
		{3B3F4C18-0B56-43ED-9EF5-A3DC814C44BB} = {0323120B-B93B-469A-B7E6-E9E950CBD2B5}
		{C47F78E4-130F-45BE-91F8-327D4780C2E3} = {B29A2E88-261F-4E2F-81DA-926B564AF90E}
		{B9B35EFC-0BCA-48C0-A40F-D7C35FD827EF} = {4364F8FF-A4D5-4EDD-84FB-59597BB02FFA}
	EndGlobalSection
	GlobalSection(ExtensibilityGlobals) = postSolution
		SolutionGuid = {57CD52FB-17C3-416B-A54B-C05FC83FD4B3}
	EndGlobalSection
EndGlobal
